
Microsoft Visual Studio Solution File, Format Version 12.00
# Visual Studio Version 16
VisualStudioVersion = 16.0.29215.179
MinimumVisualStudioVersion = 10.0.40219.1
Project("{FAE04EC0-301F-11D3-BF4B-00C04F79EFBC}") = "ReflectionSpeed", "ReflectionSpeed\ReflectionSpeed.csproj", "{74844E8E-8349-4C11-A9A3-2FE91169AAF4}"
EndProject
Project("{FAE04EC0-301F-11D3-BF4B-00C04F79EFBC}") = "Extensions", "Extensions\Extensions.csproj", "{0FC1F75A-B60B-4AEE-BF77-A13D1AA038A8}"
EndProject
Project("{FAE04EC0-301F-11D3-BF4B-00C04F79EFBC}") = "Tests", "Tests\Tests.csproj", "{3B17FC89-A120-4693-9DBE-FA49C13E4E09}"
EndProject
Global
	GlobalSection(SolutionConfigurationPlatforms) = preSolution
		Debug|Any CPU = Debug|Any CPU
		Release|Any CPU = Release|Any CPU
	EndGlobalSection
	GlobalSection(ProjectConfigurationPlatforms) = postSolution
		{74844E8E-8349-4C11-A9A3-2FE91169AAF4}.Debug|Any CPU.ActiveCfg = Debug|Any CPU
		{74844E8E-8349-4C11-A9A3-2FE91169AAF4}.Debug|Any CPU.Build.0 = Debug|Any CPU
		{74844E8E-8349-4C11-A9A3-2FE91169AAF4}.Release|Any CPU.ActiveCfg = Release|Any CPU
		{74844E8E-8349-4C11-A9A3-2FE91169AAF4}.Release|Any CPU.Build.0 = Release|Any CPU
		{0FC1F75A-B60B-4AEE-BF77-A13D1AA038A8}.Debug|Any CPU.ActiveCfg = Debug|Any CPU
		{0FC1F75A-B60B-4AEE-BF77-A13D1AA038A8}.Debug|Any CPU.Build.0 = Debug|Any CPU
		{0FC1F75A-B60B-4AEE-BF77-A13D1AA038A8}.Release|Any CPU.ActiveCfg = Release|Any CPU
		{0FC1F75A-B60B-4AEE-BF77-A13D1AA038A8}.Release|Any CPU.Build.0 = Release|Any CPU
		{3B17FC89-A120-4693-9DBE-FA49C13E4E09}.Debug|Any CPU.ActiveCfg = Debug|Any CPU
		{3B17FC89-A120-4693-9DBE-FA49C13E4E09}.Debug|Any CPU.Build.0 = Debug|Any CPU
		{3B17FC89-A120-4693-9DBE-FA49C13E4E09}.Release|Any CPU.ActiveCfg = Release|Any CPU
		{3B17FC89-A120-4693-9DBE-FA49C13E4E09}.Release|Any CPU.Build.0 = Release|Any CPU
	EndGlobalSection
	GlobalSection(SolutionProperties) = preSolution
		HideSolutionNode = FALSE
	EndGlobalSection
	GlobalSection(ExtensibilityGlobals) = postSolution
		SolutionGuid = {72DBCD2A-E937-4E7E-9885-A9AE9B4D5F79}
	EndGlobalSection
EndGlobal
